
Microsoft Visual Studio Solution File, Format Version 12.00
# Visual Studio Version 17
VisualStudioVersion = 17.13.35818.85 d17.13
MinimumVisualStudioVersion = 10.0.40219.1
Project("{FAE04EC0-301F-11D3-BF4B-00C04F79EFBC}") = "re-enter", "re-enter\re-enter.csproj", "{CF92C2FA-81E7-4E8F-B0BF-95F27AE94DE6}"
EndProject
Global
	GlobalSection(SolutionConfigurationPlatforms) = preSolution
		Debug|Any CPU = Debug|Any CPU
		Release|Any CPU = Release|Any CPU
	EndGlobalSection
	GlobalSection(ProjectConfigurationPlatforms) = postSolution
		{CF92C2FA-81E7-4E8F-B0BF-95F27AE94DE6}.Debug|Any CPU.ActiveCfg = Debug|Any CPU
		{CF92C2FA-81E7-4E8F-B0BF-95F27AE94DE6}.Debug|Any CPU.Build.0 = Debug|Any CPU
		{CF92C2FA-81E7-4E8F-B0BF-95F27AE94DE6}.Release|Any CPU.ActiveCfg = Release|Any CPU
		{CF92C2FA-81E7-4E8F-B0BF-95F27AE94DE6}.Release|Any CPU.Build.0 = Release|Any CPU
	EndGlobalSection
	GlobalSection(SolutionProperties) = preSolution
		HideSolutionNode = FALSE
	EndGlobalSection
	GlobalSection(ExtensibilityGlobals) = postSolution
		SolutionGuid = {54EC3EC4-AE68-4F18-93CC-D77A7BDDAF70}
	EndGlobalSection
EndGlobal
